{
  "name": "ssd-cli",
  "version": "1.0.1",
  "lockfileVersion": 1,
  "requires": true,
  "dependencies": {
    "@types/node": {
      "version": "16.4.13",
      "resolved": "https://registry.npmjs.org/@types/node/-/node-16.4.13.tgz",
      "integrity": "sha512-bLL69sKtd25w7p1nvg9pigE4gtKVpGTPojBFLMkGHXuUgap2sLqQt2qUnqmVCDfzGUL0DRNZP+1prIZJbMeAXg==",
      "dev": true
    },
    "ssd-cli-lib": {
      "version": "1.0.1",
      "resolved": "https://registry.npmjs.org/ssd-cli-lib/-/ssd-cli-lib-1.0.1.tgz",
      "integrity": "sha512-kbCUyOMOM9+yE+dprtKzb8nUakSk9XkICywC+SvVOV49yXlAePL2RKoAfp/G2MECU5QXqboRaevsLIhoU0D46A=="
    }
  }
}
