{
  "name": "ssd-cli",
  "version": "1.0.0",
  "lockfileVersion": 1,
  "requires": true,
  "dependencies": {
    "ssd-cli-lib": {
      "version": "1.0.0",
      "resolved": "https://registry.npmjs.org/ssd-cli-lib/-/ssd-cli-lib-1.0.0.tgz",
      "integrity": "sha512-55fyO4vq4LBh0mqwukPyvJTp5PXOgO2N3Jdx7glHsArdGw93Qz8F8zUvmuKOzsoJZ77s1Na34PL9qXj4uLxKBQ=="
    }
  }
}
