{
  "name": "@ssd-cli/core",
  "version": "1.0.11",
  "lockfileVersion": 2,
  "requires": true,
  "packages": {
    "": {
      "name": "@ssd-cli/core",
      "version": "1.0.11",
      "license": "ISC",
      "dependencies": {
        "@ssd-cli/utils": "file:../utils/lib"
      }
    },
    "../utils/lib": {},
    "node_modules/@ssd-cli/utils": {
      "resolved": "../utils/lib",
      "link": true
    }
  },
  "dependencies": {
    "@ssd-cli/utils": {
      "version": "file:../utils/lib"
    }
  }
}
